
Microsoft Visual Studio Solution File, Format Version 12.00
# Visual Studio 2013
VisualStudioVersion = 12.0.30501.0
MinimumVisualStudioVersion = 10.0.40219.1
Project("{FAE04EC0-301F-11D3-BF4B-00C04F79EFBC}") = "Transform", "Transform\Transform.csproj", "{E4BC7199-D082-4C1D-B9CE-C6E38BE8373A}"
EndProject
Global
	GlobalSection(SolutionConfigurationPlatforms) = preSolution
		Debug|Any CPU = Debug|Any CPU
		Release|Any CPU = Release|Any CPU
	EndGlobalSection
	GlobalSection(ProjectConfigurationPlatforms) = postSolution
		{E4BC7199-D082-4C1D-B9CE-C6E38BE8373A}.Debug|Any CPU.ActiveCfg = Debug|Any CPU
		{E4BC7199-D082-4C1D-B9CE-C6E38BE8373A}.Debug|Any CPU.Build.0 = Debug|Any CPU
		{E4BC7199-D082-4C1D-B9CE-C6E38BE8373A}.Release|Any CPU.ActiveCfg = Release|Any CPU
		{E4BC7199-D082-4C1D-B9CE-C6E38BE8373A}.Release|Any CPU.Build.0 = Release|Any CPU
	EndGlobalSection
	GlobalSection(SolutionProperties) = preSolution
		HideSolutionNode = FALSE
	EndGlobalSection
EndGlobal
